
Microsoft Visual Studio Solution File, Format Version 12.00
# Visual Studio Version 16
VisualStudioVersion = 16.0.30907.101
MinimumVisualStudioVersion = 10.0.40219.1
Project("{FAE04EC0-301F-11D3-BF4B-00C04F79EFBC}") = "RazorArchitectureDemo", "RazorArchitectureDemo\RazorArchitectureDemo.csproj", "{6DC1CFEB-4893-4344-BBAF-9DE713486145}"
EndProject
Global
	GlobalSection(SolutionConfigurationPlatforms) = preSolution
		Debug|Any CPU = Debug|Any CPU
		Release|Any CPU = Release|Any CPU
	EndGlobalSection
	GlobalSection(ProjectConfigurationPlatforms) = postSolution
		{6DC1CFEB-4893-4344-BBAF-9DE713486145}.Debug|Any CPU.ActiveCfg = Debug|Any CPU
		{6DC1CFEB-4893-4344-BBAF-9DE713486145}.Debug|Any CPU.Build.0 = Debug|Any CPU
		{6DC1CFEB-4893-4344-BBAF-9DE713486145}.Release|Any CPU.ActiveCfg = Release|Any CPU
		{6DC1CFEB-4893-4344-BBAF-9DE713486145}.Release|Any CPU.Build.0 = Release|Any CPU
	EndGlobalSection
	GlobalSection(SolutionProperties) = preSolution
		HideSolutionNode = FALSE
	EndGlobalSection
	GlobalSection(ExtensibilityGlobals) = postSolution
		SolutionGuid = {616BC438-19B7-4B23-8C06-45203BB0CF01}
	EndGlobalSection
EndGlobal
